
Microsoft Visual Studio Solution File, Format Version 12.00
# Visual Studio 15
VisualStudioVersion = 15.0.27701.1
MinimumVisualStudioVersion = 10.0.40219.1
Project("{9A19103F-16F7-4668-BE54-9A1E7A4F7556}") = "BlazorDB", "src\BlazorDB\BlazorDB.csproj", "{3ED7CA17-E65D-48B9-A218-3EBFF0F9FD03}"
EndProject
Project("{9A19103F-16F7-4668-BE54-9A1E7A4F7556}") = "Sample", "src\Sample\Sample.csproj", "{DAABB1BD-F735-4AB8-8ECF-70E00048175B}"
EndProject
Project("{FAE04EC0-301F-11D3-BF4B-00C04F79EFBC}") = "FluxorIntegration", "src\FluxorIntegration\FluxorIntegration.csproj", "{9C42034D-6331-4623-B178-7417F9AB1345}"
EndProject
Global
	GlobalSection(SolutionConfigurationPlatforms) = preSolution
		Debug|Any CPU = Debug|Any CPU
		Release|Any CPU = Release|Any CPU
	EndGlobalSection
	GlobalSection(ProjectConfigurationPlatforms) = postSolution
		{3ED7CA17-E65D-48B9-A218-3EBFF0F9FD03}.Debug|Any CPU.ActiveCfg = Debug|Any CPU
		{3ED7CA17-E65D-48B9-A218-3EBFF0F9FD03}.Debug|Any CPU.Build.0 = Debug|Any CPU
		{3ED7CA17-E65D-48B9-A218-3EBFF0F9FD03}.Release|Any CPU.ActiveCfg = Release|Any CPU
		{3ED7CA17-E65D-48B9-A218-3EBFF0F9FD03}.Release|Any CPU.Build.0 = Release|Any CPU
		{DAABB1BD-F735-4AB8-8ECF-70E00048175B}.Debug|Any CPU.ActiveCfg = Debug|Any CPU
		{DAABB1BD-F735-4AB8-8ECF-70E00048175B}.Debug|Any CPU.Build.0 = Debug|Any CPU
		{DAABB1BD-F735-4AB8-8ECF-70E00048175B}.Release|Any CPU.ActiveCfg = Release|Any CPU
		{DAABB1BD-F735-4AB8-8ECF-70E00048175B}.Release|Any CPU.Build.0 = Release|Any CPU
		{9C42034D-6331-4623-B178-7417F9AB1345}.Debug|Any CPU.ActiveCfg = Debug|Any CPU
		{9C42034D-6331-4623-B178-7417F9AB1345}.Debug|Any CPU.Build.0 = Debug|Any CPU
		{9C42034D-6331-4623-B178-7417F9AB1345}.Release|Any CPU.ActiveCfg = Release|Any CPU
		{9C42034D-6331-4623-B178-7417F9AB1345}.Release|Any CPU.Build.0 = Release|Any CPU
	EndGlobalSection
	GlobalSection(SolutionProperties) = preSolution
		HideSolutionNode = FALSE
	EndGlobalSection
	GlobalSection(ExtensibilityGlobals) = postSolution
		SolutionGuid = {43104ED8-856F-4BC9-AD67-6E5C9D2E2761}
	EndGlobalSection
EndGlobal
